// !$*UTF8*$!
{
	archiveVersion = 1;
	classes = {
	};
	objectVersion = 77;
	objects = {

/* Begin PBXContainerItemProxy section */
		A63EBF9F2F4CDD9700C9F2E1 /* PBXContainerItemProxy */ = {
			isa = PBXContainerItemProxy;
			containerPortal = A63EBF892F4CDD9700C9F2E1 /* Project object */;
			proxyType = 1;
			remoteGlobalIDString = A63EBF902F4CDD9700C9F2E1;
			remoteInfo = hyperlinked;
		};
		A63EBFA92F4CDD9700C9F2E1 /* PBXContainerItemProxy */ = {
			isa = PBXContainerItemProxy;
			containerPortal = A63EBF892F4CDD9700C9F2E1 /* Project object */;
			proxyType = 1;
			remoteGlobalIDString = A63EBF902F4CDD9700C9F2E1;
			remoteInfo = hyperlinked;
		};
/* End PBXContainerItemProxy section */

/* Begin PBXFileReference section */
		A63EBF912F4CDD9700C9F2E1 /* hyperlinked.app */ = {isa = PBXFileReference; explicitFileType = wrapper.application; includeInIndex = 0; path = hyperlinked.app; sourceTree = BUILT_PRODUCTS_DIR; };
		A63EBF9E2F4CDD9700C9F2E1 /* hyperlinkedTests.xctest */ = {isa = PBXFileReference; explicitFileType = wrapper.cfbundle; includeInIndex = 0; path = hyperlinkedTests.xctest; sourceTree = BUILT_PRODUCTS_DIR; };
		A63EBFA82F4CDD9700C9F2E1 /* hyperlinkedUITests.xctest */ = {isa = PBXFileReference; explicitFileType = wrapper.cfbundle; includeInIndex = 0; path = hyperlinkedUITests.xctest; sourceTree = BUILT_PRODUCTS_DIR; };
/* End PBXFileReference section */

/* Begin PBXFileSystemSynchronizedRootGroup section */
		A63EBF932F4CDD9700C9F2E1 /* hyperlinked */ = {
			isa = PBXFileSystemSynchronizedRootGroup;
			path = hyperlinked;
			sourceTree = "<group>";
		};
		A63EBFA12F4CDD9700C9F2E1 /* hyperlinkedTests */ = {
			isa = PBXFileSystemSynchronizedRootGroup;
			path = hyperlinkedTests;
			sourceTree = "<group>";
		};
		A63EBFAB2F4CDD9700C9F2E1 /* hyperlinkedUITests */ = {
			isa = PBXFileSystemSynchronizedRootGroup;
			path = hyperlinkedUITests;
			sourceTree = "<group>";
		};
/* End PBXFileSystemSynchronizedRootGroup section */

/* Begin PBXFrameworksBuildPhase section */
		A63EBF8E2F4CDD9700C9F2E1 /* Frameworks */ = {
			isa = PBXFrameworksBuildPhase;
			buildActionMask = 2147483647;
			files = (
			);
			runOnlyForDeploymentPostprocessing = 0;
		};
		A63EBF9B2F4CDD9700C9F2E1 /* Frameworks */ = {
			isa = PBXFrameworksBuildPhase;
			buildActionMask = 2147483647;
			files = (
			);
			runOnlyForDeploymentPostprocessing = 0;
		};
		A63EBFA52F4CDD9700C9F2E1 /* Frameworks */ = {
			isa = PBXFrameworksBuildPhase;
			buildActionMask = 2147483647;
			files = (
			);
			runOnlyForDeploymentPostprocessing = 0;
		};
/* End PBXFrameworksBuildPhase section */

/* Begin PBXGroup section */
		A63EBF882F4CDD9700C9F2E1 = {
			isa = PBXGroup;
			children = (
				A63EBF932F4CDD9700C9F2E1 /* hyperlinked */,
				A63EBFA12F4CDD9700C9F2E1 /* hyperlinkedTests */,
				A63EBFAB2F4CDD9700C9F2E1 /* hyperlinkedUITests */,
				A63EBF922F4CDD9700C9F2E1 /* Products */,
			);
			sourceTree = "<group>";
		};
		A63EBF922F4CDD9700C9F2E1 /* Products */ = {
			isa = PBXGroup;
			children = (
				A63EBF912F4CDD9700C9F2E1 /* hyperlinked.app */,
				A63EBF9E2F4CDD9700C9F2E1 /* hyperlinkedTests.xctest */,
				A63EBFA82F4CDD9700C9F2E1 /* hyperlinkedUITests.xctest */,
			);
			name = Products;
			sourceTree = "<group>";
		};
/* End PBXGroup section */

/* Begin PBXNativeTarget section */
		A63EBF902F4CDD9700C9F2E1 /* hyperlinked */ = {
			isa = PBXNativeTarget;
			buildConfigurationList = A63EBFB22F4CDD9700C9F2E1 /* Build configuration list for PBXNativeTarget "hyperlinked" */;
			buildPhases = (
				A63EBF8D2F4CDD9700C9F2E1 /* Sources */,
				A63EBF8E2F4CDD9700C9F2E1 /* Frameworks */,
				A63EBF8F2F4CDD9700C9F2E1 /* Resources */,
			);
			buildRules = (
			);
			dependencies = (
			);
			fileSystemSynchronizedGroups = (
				A63EBF932F4CDD9700C9F2E1 /* hyperlinked */,
			);
			name = hyperlinked;
			packageProductDependencies = (
			);
			productName = hyperlinked;
			productReference = A63EBF912F4CDD9700C9F2E1 /* hyperlinked.app */;
			productType = "com.apple.product-type.application";
		};
		A63EBF9D2F4CDD9700C9F2E1 /* hyperlinkedTests */ = {
			isa = PBXNativeTarget;
			buildConfigurationList = A63EBFB52F4CDD9700C9F2E1 /* Build configuration list for PBXNativeTarget "hyperlinkedTests" */;
			buildPhases = (
				A63EBF9A2F4CDD9700C9F2E1 /* Sources */,
				A63EBF9B2F4CDD9700C9F2E1 /* Frameworks */,
				A63EBF9C2F4CDD9700C9F2E1 /* Resources */,
			);
			buildRules = (
			);
			dependencies = (
				A63EBFA02F4CDD9700C9F2E1 /* PBXTargetDependency */,
			);
			fileSystemSynchronizedGroups = (
				A63EBFA12F4CDD9700C9F2E1 /* hyperlinkedTests */,
			);
			name = hyperlinkedTests;
			packageProductDependencies = (
			);
			productName = hyperlinkedTests;
			productReference = A63EBF9E2F4CDD9700C9F2E1 /* hyperlinkedTests.xctest */;
			productType = "com.apple.product-type.bundle.unit-test";
		};
		A63EBFA72F4CDD9700C9F2E1 /* hyperlinkedUITests */ = {
			isa = PBXNativeTarget;
			buildConfigurationList = A63EBFB82F4CDD9700C9F2E1 /* Build configuration list for PBXNativeTarget "hyperlinkedUITests" */;
			buildPhases = (
				A63EBFA42F4CDD9700C9F2E1 /* Sources */,
				A63EBFA52F4CDD9700C9F2E1 /* Frameworks */,
				A63EBFA62F4CDD9700C9F2E1 /* Resources */,
			);
			buildRules = (
			);
			dependencies = (
				A63EBFAA2F4CDD9700C9F2E1 /* PBXTargetDependency */,
			);
			fileSystemSynchronizedGroups = (
				A63EBFAB2F4CDD9700C9F2E1 /* hyperlinkedUITests */,
			);
			name = hyperlinkedUITests;
			packageProductDependencies = (
			);
			productName = hyperlinkedUITests;
			productReference = A63EBFA82F4CDD9700C9F2E1 /* hyperlinkedUITests.xctest */;
			productType = "com.apple.product-type.bundle.ui-testing";
		};
/* End PBXNativeTarget section */

/* Begin PBXProject section */
		A63EBF892F4CDD9700C9F2E1 /* Project object */ = {
			isa = PBXProject;
			attributes = {
				BuildIndependentTargetsInParallel = 1;
				LastSwiftUpdateCheck = 2610;
				LastUpgradeCheck = 2610;
				TargetAttributes = {
					A63EBF902F4CDD9700C9F2E1 = {
						CreatedOnToolsVersion = 26.1.1;
					};
					A63EBF9D2F4CDD9700C9F2E1 = {
						CreatedOnToolsVersion = 26.1.1;
						TestTargetID = A63EBF902F4CDD9700C9F2E1;
					};
					A63EBFA72F4CDD9700C9F2E1 = {
						CreatedOnToolsVersion = 26.1.1;
						TestTargetID = A63EBF902F4CDD9700C9F2E1;
					};
				};
			};
			buildConfigurationList = A63EBF8C2F4CDD9700C9F2E1 /* Build configuration list for PBXProject "hyperlinked" */;
			developmentRegion = en;
			hasScannedForEncodings = 0;
			knownRegions = (
				en,
				Base,
			);
			mainGroup = A63EBF882F4CDD9700C9F2E1;
			minimizedProjectReferenceProxies = 1;
			preferredProjectObjectVersion = 77;
			productRefGroup = A63EBF922F4CDD9700C9F2E1 /* Products */;
			projectDirPath = "";
			projectRoot = "";
			targets = (
				A63EBF902F4CDD9700C9F2E1 /* hyperlinked */,
				A63EBF9D2F4CDD9700C9F2E1 /* hyperlinkedTests */,
				A63EBFA72F4CDD9700C9F2E1 /* hyperlinkedUITests */,
			);
		};
/* End PBXProject section */

/* Begin PBXResourcesBuildPhase section */
		A63EBF8F2F4CDD9700C9F2E1 /* Resources */ = {
			isa = PBXResourcesBuildPhase;
			buildActionMask = 2147483647;
			files = (
			);
			runOnlyForDeploymentPostprocessing = 0;
		};
		A63EBF9C2F4CDD9700C9F2E1 /* Resources */ = {
			isa = PBXResourcesBuildPhase;
			buildActionMask = 2147483647;
			files = (
			);
			runOnlyForDeploymentPostprocessing = 0;
		};
		A63EBFA62F4CDD9700C9F2E1 /* Resources */ = {
			isa = PBXResourcesBuildPhase;
			buildActionMask = 2147483647;
			files = (
			);
			runOnlyForDeploymentPostprocessing = 0;
		};
/* End PBXResourcesBuildPhase section */

/* Begin PBXSourcesBuildPhase section */
		A63EBF8D2F4CDD9700C9F2E1 /* Sources */ = {
			isa = PBXSourcesBuildPhase;
			buildActionMask = 2147483647;
			files = (
			);
			runOnlyForDeploymentPostprocessing = 0;
		};
		A63EBF9A2F4CDD9700C9F2E1 /* Sources */ = {
			isa = PBXSourcesBuildPhase;
			buildActionMask = 2147483647;
			files = (
			);
			runOnlyForDeploymentPostprocessing = 0;
		};
		A63EBFA42F4CDD9700C9F2E1 /* Sources */ = {
			isa = PBXSourcesBuildPhase;
			buildActionMask = 2147483647;
			files = (
			);
			runOnlyForDeploymentPostprocessing = 0;
		};
/* End PBXSourcesBuildPhase section */

/* Begin PBXTargetDependency section */
		A63EBFA02F4CDD9700C9F2E1 /* PBXTargetDependency */ = {
			isa = PBXTargetDependency;
			target = A63EBF902F4CDD9700C9F2E1 /* hyperlinked */;
			targetProxy = A63EBF9F2F4CDD9700C9F2E1 /* PBXContainerItemProxy */;
		};
		A63EBFAA2F4CDD9700C9F2E1 /* PBXTargetDependency */ = {
			isa = PBXTargetDependency;
			target = A63EBF902F4CDD9700C9F2E1 /* hyperlinked */;
			targetProxy = A63EBFA92F4CDD9700C9F2E1 /* PBXContainerItemProxy */;
		};
/* End PBXTargetDependency section */

/* Begin XCBuildConfiguration section */
		A63EBFB02F4CDD9700C9F2E1 /* Debug */ = {
			isa = XCBuildConfiguration;
			buildSettings = {
				ALWAYS_SEARCH_USER_PATHS = NO;
				ASSETCATALOG_COMPILER_GENERATE_SWIFT_ASSET_SYMBOL_EXTENSIONS = YES;
				CLANG_ANALYZER_NONNULL = YES;
				CLANG_ANALYZER_NUMBER_OBJECT_CONVERSION = YES_AGGRESSIVE;
				CLANG_CXX_LANGUAGE_STANDARD = "gnu++20";
				CLANG_ENABLE_MODULES = YES;
				CLANG_ENABLE_OBJC_ARC = YES;
				CLANG_ENABLE_OBJC_WEAK = YES;
				CLANG_WARN_BLOCK_CAPTURE_AUTORELEASING = YES;
				CLANG_WARN_BOOL_CONVERSION = YES;
				CLANG_WARN_COMMA = YES;
				CLANG_WARN_CONSTANT_CONVERSION = YES;
				CLANG_WARN_DEPRECATED_OBJC_IMPLEMENTATIONS = YES;
				CLANG_WARN_DIRECT_OBJC_ISA_USAGE = YES_ERROR;
				CLANG_WARN_DOCUMENTATION_COMMENTS = YES;
				CLANG_WARN_EMPTY_BODY = YES;
				CLANG_WARN_ENUM_CONVERSION = YES;
				CLANG_WARN_INFINITE_RECURSION = YES;
				CLANG_WARN_INT_CONVERSION = YES;
				CLANG_WARN_NON_LITERAL_NULL_CONVERSION = YES;
				CLANG_WARN_OBJC_IMPLICIT_RETAIN_SELF = YES;
				CLANG_WARN_OBJC_LITERAL_CONVERSION = YES;
				CLANG_WARN_OBJC_ROOT_CLASS = YES_ERROR;
				CLANG_WARN_QUOTED_INCLUDE_IN_FRAMEWORK_HEADER = YES;
				CLANG_WARN_RANGE_LOOP_ANALYSIS = YES;
				CLANG_WARN_STRICT_PROTOTYPES = YES;
				CLANG_WARN_SUSPICIOUS_MOVE = YES;
				CLANG_WARN_UNGUARDED_AVAILABILITY = YES_AGGRESSIVE;
				CLANG_WARN_UNREACHABLE_CODE = YES;
				CLANG_WARN__DUPLICATE_METHOD_MATCH = YES;
				COPY_PHASE_STRIP = NO;
				DEBUG_INFORMATION_FORMAT = dwarf;
				DEVELOPMENT_TEAM = Z773AM52SJ;
				ENABLE_STRICT_OBJC_MSGSEND = YES;
				ENABLE_TESTABILITY = YES;
				ENABLE_USER_SCRIPT_SANDBOXING = YES;
				GCC_C_LANGUAGE_STANDARD = gnu17;
				GCC_DYNAMIC_NO_PIC = NO;
				GCC_NO_COMMON_BLOCKS = YES;
				GCC_OPTIMIZATION_LEVEL = 0;
				GCC_PREPROCESSOR_DEFINITIONS = (
					"DEBUG=1",
					"$(inherited)",
				);
				GCC_WARN_64_TO_32_BIT_CONVERSION = YES;
				GCC_WARN_ABOUT_RETURN_TYPE = YES_ERROR;
				GCC_WARN_UNDECLARED_SELECTOR = YES;
				GCC_WARN_UNINITIALIZED_AUTOS = YES_AGGRESSIVE;
				GCC_WARN_UNUSED_FUNCTION = YES;
				GCC_WARN_UNUSED_VARIABLE = YES;
				LOCALIZATION_PREFERS_STRING_CATALOGS = YES;
				MTL_ENABLE_DEBUG_INFO = INCLUDE_SOURCE;
				MTL_FAST_MATH = YES;
				ONLY_ACTIVE_ARCH = YES;
				SWIFT_ACTIVE_COMPILATION_CONDITIONS = "DEBUG $(inherited)";
				SWIFT_OPTIMIZATION_LEVEL = "-Onone";
			};
			name = Debug;
		};
		A63EBFB12F4CDD9700C9F2E1 /* Release */ = {
			isa = XCBuildConfiguration;
			buildSettings = {
				ALWAYS_SEARCH_USER_PATHS = NO;
				ASSETCATALOG_COMPILER_GENERATE_SWIFT_ASSET_SYMBOL_EXTENSIONS = YES;
				CLANG_ANALYZER_NONNULL = YES;
				CLANG_ANALYZER_NUMBER_OBJECT_CONVERSION = YES_AGGRESSIVE;
				CLANG_CXX_LANGUAGE_STANDARD = "gnu++20";
				CLANG_ENABLE_MODULES = YES;
				CLANG_ENABLE_OBJC_ARC = YES;
				CLANG_ENABLE_OBJC_WEAK = YES;
				CLANG_WARN_BLOCK_CAPTURE_AUTORELEASING = YES;
				CLANG_WARN_BOOL_CONVERSION = YES;
				CLANG_WARN_COMMA = YES;
				CLANG_WARN_CONSTANT_CONVERSION = YES;
				CLANG_WARN_DEPRECATED_OBJC_IMPLEMENTATIONS = YES;
				CLANG_WARN_DIRECT_OBJC_ISA_USAGE = YES_ERROR;
				CLANG_WARN_DOCUMENTATION_COMMENTS = YES;
				CLANG_WARN_EMPTY_BODY = YES;
				CLANG_WARN_ENUM_CONVERSION = YES;
				CLANG_WARN_INFINITE_RECURSION = YES;
				CLANG_WARN_INT_CONVERSION = YES;
				CLANG_WARN_NON_LITERAL_NULL_CONVERSION = YES;
				CLANG_WARN_OBJC_IMPLICIT_RETAIN_SELF = YES;
				CLANG_WARN_OBJC_LITERAL_CONVERSION = YES;
				CLANG_WARN_OBJC_ROOT_CLASS = YES_ERROR;
				CLANG_WARN_QUOTED_INCLUDE_IN_FRAMEWORK_HEADER = YES;
				CLANG_WARN_RANGE_LOOP_ANALYSIS = YES;
				CLANG_WARN_STRICT_PROTOTYPES = YES;
				CLANG_WARN_SUSPICIOUS_MOVE = YES;
				CLANG_WARN_UNGUARDED_AVAILABILITY = YES_AGGRESSIVE;
				CLANG_WARN_UNREACHABLE_CODE = YES;
				CLANG_WARN__DUPLICATE_METHOD_MATCH = YES;
				COPY_PHASE_STRIP = NO;
				DEBUG_INFORMATION_FORMAT = "dwarf-with-dsym";
				DEVELOPMENT_TEAM = Z773AM52SJ;
				ENABLE_NS_ASSERTIONS = NO;
				ENABLE_STRICT_OBJC_MSGSEND = YES;
				ENABLE_USER_SCRIPT_SANDBOXING = YES;
				GCC_C_LANGUAGE_STANDARD = gnu17;
				GCC_NO_COMMON_BLOCKS = YES;
				GCC_WARN_64_TO_32_BIT_CONVERSION = YES;
				GCC_WARN_ABOUT_RETURN_TYPE = YES_ERROR;
				GCC_WARN_UNDECLARED_SELECTOR = YES;
				GCC_WARN_UNINITIALIZED_AUTOS = YES_AGGRESSIVE;
				GCC_WARN_UNUSED_FUNCTION = YES;
				GCC_WARN_UNUSED_VARIABLE = YES;
				LOCALIZATION_PREFERS_STRING_CATALOGS = YES;
				MTL_ENABLE_DEBUG_INFO = NO;
				MTL_FAST_MATH = YES;
				SWIFT_COMPILATION_MODE = wholemodule;
			};
			name = Release;
		};
		A63EBFB32F4CDD9700C9F2E1 /* Debug */ = {
			isa = XCBuildConfiguration;
			buildSettings = {
				ASSETCATALOG_COMPILER_APPICON_NAME = AppIcon;
				ASSETCATALOG_COMPILER_GLOBAL_ACCENT_COLOR_NAME = AccentColor;
				CODE_SIGN_STYLE = Automatic;
				CURRENT_PROJECT_VERSION = 1;
				DEVELOPMENT_TEAM = Z773AM52SJ;
				ENABLE_APP_SANDBOX = YES;
				ENABLE_HARDENED_RUNTIME = YES;
				ENABLE_PREVIEWS = YES;
				ENABLE_USER_SELECTED_FILES = readonly;
				GENERATE_INFOPLIST_FILE = NO;
				INFOPLIST_FILE = Info.plist;
				IPHONEOS_DEPLOYMENT_TARGET = 26.1;
				LD_RUNPATH_SEARCH_PATHS = "@executable_path/Frameworks";
				"LD_RUNPATH_SEARCH_PATHS[sdk=macosx*]" = "@executable_path/../Frameworks";
				MACOSX_DEPLOYMENT_TARGET = 15.7;
				MARKETING_VERSION = 1.0;
				PRODUCT_BUNDLE_IDENTIFIER = fm.folder.hyperlinked;
				PRODUCT_NAME = "$(TARGET_NAME)";
				REGISTER_APP_GROUPS = YES;
				SDKROOT = auto;
				STRING_CATALOG_GENERATE_SYMBOLS = YES;
				SUPPORTED_PLATFORMS = "iphoneos iphonesimulator macosx xros xrsimulator";
				SWIFT_APPROACHABLE_CONCURRENCY = YES;
				SWIFT_DEFAULT_ACTOR_ISOLATION = MainActor;
				SWIFT_EMIT_LOC_STRINGS = YES;
				SWIFT_UPCOMING_FEATURE_MEMBER_IMPORT_VISIBILITY = YES;
				SWIFT_VERSION = 5.0;
				TARGETED_DEVICE_FAMILY = "1,2,7";
				XROS_DEPLOYMENT_TARGET = 26.1;
			};
			name = Debug;
		};
		A63EBFB42F4CDD9700C9F2E1 /* Release */ = {
			isa = XCBuildConfiguration;
			buildSettings = {
				ASSETCATALOG_COMPILER_APPICON_NAME = AppIcon;
				ASSETCATALOG_COMPILER_GLOBAL_ACCENT_COLOR_NAME = AccentColor;
				CODE_SIGN_STYLE = Automatic;
				CURRENT_PROJECT_VERSION = 1;
				DEVELOPMENT_TEAM = Z773AM52SJ;
				ENABLE_APP_SANDBOX = YES;
				ENABLE_HARDENED_RUNTIME = YES;
				ENABLE_PREVIEWS = YES;
				ENABLE_USER_SELECTED_FILES = readonly;
				GENERATE_INFOPLIST_FILE = NO;
				INFOPLIST_FILE = Info.plist;
				IPHONEOS_DEPLOYMENT_TARGET = 26.1;
				LD_RUNPATH_SEARCH_PATHS = "@executable_path/Frameworks";
				"LD_RUNPATH_SEARCH_PATHS[sdk=macosx*]" = "@executable_path/../Frameworks";
				MACOSX_DEPLOYMENT_TARGET = 15.7;
				MARKETING_VERSION = 1.0;
				PRODUCT_BUNDLE_IDENTIFIER = fm.folder.hyperlinked;
				PRODUCT_NAME = "$(TARGET_NAME)";
				REGISTER_APP_GROUPS = YES;
				SDKROOT = auto;
				STRING_CATALOG_GENERATE_SYMBOLS = YES;
				SUPPORTED_PLATFORMS = "iphoneos iphonesimulator macosx xros xrsimulator";
				SWIFT_APPROACHABLE_CONCURRENCY = YES;
				SWIFT_DEFAULT_ACTOR_ISOLATION = MainActor;
				SWIFT_EMIT_LOC_STRINGS = YES;
				SWIFT_UPCOMING_FEATURE_MEMBER_IMPORT_VISIBILITY = YES;
				SWIFT_VERSION = 5.0;
				TARGETED_DEVICE_FAMILY = "1,2,7";
				XROS_DEPLOYMENT_TARGET = 26.1;
			};
			name = Release;
		};
		A63EBFB62F4CDD9700C9F2E1 /* Debug */ = {
			isa = XCBuildConfiguration;
			buildSettings = {
				BUNDLE_LOADER = "$(TEST_HOST)";
				CODE_SIGN_STYLE = Automatic;
				CURRENT_PROJECT_VERSION = 1;
				DEVELOPMENT_TEAM = Z773AM52SJ;
				GENERATE_INFOPLIST_FILE = YES;
				IPHONEOS_DEPLOYMENT_TARGET = 26.1;
				MACOSX_DEPLOYMENT_TARGET = 15.7;
				MARKETING_VERSION = 1.0;
				PRODUCT_BUNDLE_IDENTIFIER = fm.folder.hyperlinkedTests;
				PRODUCT_NAME = "$(TARGET_NAME)";
				SDKROOT = auto;
				STRING_CATALOG_GENERATE_SYMBOLS = NO;
				SUPPORTED_PLATFORMS = "iphoneos iphonesimulator macosx xros xrsimulator";
				SWIFT_APPROACHABLE_CONCURRENCY = YES;
				SWIFT_EMIT_LOC_STRINGS = NO;
				SWIFT_UPCOMING_FEATURE_MEMBER_IMPORT_VISIBILITY = YES;
				SWIFT_VERSION = 5.0;
				TARGETED_DEVICE_FAMILY = "1,2,7";
				TEST_HOST = "$(BUILT_PRODUCTS_DIR)/hyperlinked.app/$(BUNDLE_EXECUTABLE_FOLDER_PATH)/hyperlinked";
				XROS_DEPLOYMENT_TARGET = 26.1;
			};
			name = Debug;
		};
		A63EBFB72F4CDD9700C9F2E1 /* Release */ = {
			isa = XCBuildConfiguration;
			buildSettings = {
				BUNDLE_LOADER = "$(TEST_HOST)";
				CODE_SIGN_STYLE = Automatic;
				CURRENT_PROJECT_VERSION = 1;
				DEVELOPMENT_TEAM = Z773AM52SJ;
				GENERATE_INFOPLIST_FILE = YES;
				IPHONEOS_DEPLOYMENT_TARGET = 26.1;
				MACOSX_DEPLOYMENT_TARGET = 15.7;
				MARKETING_VERSION = 1.0;
				PRODUCT_BUNDLE_IDENTIFIER = fm.folder.hyperlinkedTests;
				PRODUCT_NAME = "$(TARGET_NAME)";
				SDKROOT = auto;
				STRING_CATALOG_GENERATE_SYMBOLS = NO;
				SUPPORTED_PLATFORMS = "iphoneos iphonesimulator macosx xros xrsimulator";
				SWIFT_APPROACHABLE_CONCURRENCY = YES;
				SWIFT_EMIT_LOC_STRINGS = NO;
				SWIFT_UPCOMING_FEATURE_MEMBER_IMPORT_VISIBILITY = YES;
				SWIFT_VERSION = 5.0;
				TARGETED_DEVICE_FAMILY = "1,2,7";
				TEST_HOST = "$(BUILT_PRODUCTS_DIR)/hyperlinked.app/$(BUNDLE_EXECUTABLE_FOLDER_PATH)/hyperlinked";
				XROS_DEPLOYMENT_TARGET = 26.1;
			};
			name = Release;
		};
		A63EBFB92F4CDD9700C9F2E1 /* Debug */ = {
			isa = XCBuildConfiguration;
			buildSettings = {
				CODE_SIGN_STYLE = Automatic;
				CURRENT_PROJECT_VERSION = 1;
				DEVELOPMENT_TEAM = Z773AM52SJ;
				GENERATE_INFOPLIST_FILE = YES;
				IPHONEOS_DEPLOYMENT_TARGET = 26.1;
				MACOSX_DEPLOYMENT_TARGET = 15.7;
				MARKETING_VERSION = 1.0;
				PRODUCT_BUNDLE_IDENTIFIER = fm.folder.hyperlinkedUITests;
				PRODUCT_NAME = "$(TARGET_NAME)";
				SDKROOT = auto;
				STRING_CATALOG_GENERATE_SYMBOLS = NO;
				SUPPORTED_PLATFORMS = "iphoneos iphonesimulator macosx xros xrsimulator";
				SWIFT_APPROACHABLE_CONCURRENCY = YES;
				SWIFT_EMIT_LOC_STRINGS = NO;
				SWIFT_UPCOMING_FEATURE_MEMBER_IMPORT_VISIBILITY = YES;
				SWIFT_VERSION = 5.0;
				TARGETED_DEVICE_FAMILY = "1,2,7";
				TEST_TARGET_NAME = hyperlinked;
				XROS_DEPLOYMENT_TARGET = 26.1;
			};
			name = Debug;
		};
		A63EBFBA2F4CDD9700C9F2E1 /* Release */ = {
			isa = XCBuildConfiguration;
			buildSettings = {
				CODE_SIGN_STYLE = Automatic;
				CURRENT_PROJECT_VERSION = 1;
				DEVELOPMENT_TEAM = Z773AM52SJ;
				GENERATE_INFOPLIST_FILE = YES;
				IPHONEOS_DEPLOYMENT_TARGET = 26.1;
				MACOSX_DEPLOYMENT_TARGET = 15.7;
				MARKETING_VERSION = 1.0;
				PRODUCT_BUNDLE_IDENTIFIER = fm.folder.hyperlinkedUITests;
				PRODUCT_NAME = "$(TARGET_NAME)";
				SDKROOT = auto;
				STRING_CATALOG_GENERATE_SYMBOLS = NO;
				SUPPORTED_PLATFORMS = "iphoneos iphonesimulator macosx xros xrsimulator";
				SWIFT_APPROACHABLE_CONCURRENCY = YES;
				SWIFT_EMIT_LOC_STRINGS = NO;
				SWIFT_UPCOMING_FEATURE_MEMBER_IMPORT_VISIBILITY = YES;
				SWIFT_VERSION = 5.0;
				TARGETED_DEVICE_FAMILY = "1,2,7";
				TEST_TARGET_NAME = hyperlinked;
				XROS_DEPLOYMENT_TARGET = 26.1;
			};
			name = Release;
		};
/* End XCBuildConfiguration section */

/* Begin XCConfigurationList section */
		A63EBF8C2F4CDD9700C9F2E1 /* Build configuration list for PBXProject "hyperlinked" */ = {
			isa = XCConfigurationList;
			buildConfigurations = (
				A63EBFB02F4CDD9700C9F2E1 /* Debug */,
				A63EBFB12F4CDD9700C9F2E1 /* Release */,
			);
			defaultConfigurationIsVisible = 0;
			defaultConfigurationName = Release;
		};
		A63EBFB22F4CDD9700C9F2E1 /* Build configuration list for PBXNativeTarget "hyperlinked" */ = {
			isa = XCConfigurationList;
			buildConfigurations = (
				A63EBFB32F4CDD9700C9F2E1 /* Debug */,
				A63EBFB42F4CDD9700C9F2E1 /* Release */,
			);
			defaultConfigurationIsVisible = 0;
			defaultConfigurationName = Release;
		};
		A63EBFB52F4CDD9700C9F2E1 /* Build configuration list for PBXNativeTarget "hyperlinkedTests" */ = {
			isa = XCConfigurationList;
			buildConfigurations = (
				A63EBFB62F4CDD9700C9F2E1 /* Debug */,
				A63EBFB72F4CDD9700C9F2E1 /* Release */,
			);
			defaultConfigurationIsVisible = 0;
			defaultConfigurationName = Release;
		};
		A63EBFB82F4CDD9700C9F2E1 /* Build configuration list for PBXNativeTarget "hyperlinkedUITests" */ = {
			isa = XCConfigurationList;
			buildConfigurations = (
				A63EBFB92F4CDD9700C9F2E1 /* Debug */,
				A63EBFBA2F4CDD9700C9F2E1 /* Release */,
			);
			defaultConfigurationIsVisible = 0;
			defaultConfigurationName = Release;
		};
/* End XCConfigurationList section */
	};
	rootObject = A63EBF892F4CDD9700C9F2E1 /* Project object */;
}
